
Microsoft Visual Studio Solution File, Format Version 12.00
# Visual Studio Version 17
VisualStudioVersion = 17.9.34902.65
MinimumVisualStudioVersion = 10.0.40219.1
Project("{9A19103F-16F7-4668-BE54-9A1E7A4F7556}") = "API", "API.csproj", "{02576815-F938-45E3-BDB3-6573DB8743EE}"
EndProject
Global
	GlobalSection(SolutionConfigurationPlatforms) = preSolution
		Debug|Any CPU = Debug|Any CPU
		Release|Any CPU = Release|Any CPU
	EndGlobalSection
	GlobalSection(ProjectConfigurationPlatforms) = postSolution
		{02576815-F938-45E3-BDB3-6573DB8743EE}.Debug|Any CPU.ActiveCfg = Debug|Any CPU
		{02576815-F938-45E3-BDB3-6573DB8743EE}.Debug|Any CPU.Build.0 = Debug|Any CPU
		{02576815-F938-45E3-BDB3-6573DB8743EE}.Release|Any CPU.ActiveCfg = Release|Any CPU
		{02576815-F938-45E3-BDB3-6573DB8743EE}.Release|Any CPU.Build.0 = Release|Any CPU
	EndGlobalSection
	GlobalSection(SolutionProperties) = preSolution
		HideSolutionNode = FALSE
	EndGlobalSection
	GlobalSection(ExtensibilityGlobals) = postSolution
		SolutionGuid = {CBB6F6C5-F621-45DD-9FBA-D9D98E53CD98}
	EndGlobalSection
EndGlobal
